
Microsoft Visual Studio Solution File, Format Version 12.00
# Visual Studio 15
VisualStudioVersion = 15.0.27130.2036
MinimumVisualStudioVersion = 10.0.40219.1
Project("{9A19103F-16F7-4668-BE54-9A1E7A4F7556}") = "PortalRSWepApi", "PortalRSWepApi.csproj", "{49BE2F46-C5C4-42A6-B618-CD9FFBDAF41D}"
EndProject
Global
	GlobalSection(SolutionConfigurationPlatforms) = preSolution
		Debug|Any CPU = Debug|Any CPU
		Producao|Any CPU = Producao|Any CPU
		Release|Any CPU = Release|Any CPU
	EndGlobalSection
	GlobalSection(ProjectConfigurationPlatforms) = postSolution
		{49BE2F46-C5C4-42A6-B618-CD9FFBDAF41D}.Debug|Any CPU.ActiveCfg = Debug|Any CPU
		{49BE2F46-C5C4-42A6-B618-CD9FFBDAF41D}.Debug|Any CPU.Build.0 = Debug|Any CPU
		{49BE2F46-C5C4-42A6-B618-CD9FFBDAF41D}.Producao|Any CPU.ActiveCfg = Producao|Any CPU
		{49BE2F46-C5C4-42A6-B618-CD9FFBDAF41D}.Producao|Any CPU.Build.0 = Producao|Any CPU
		{49BE2F46-C5C4-42A6-B618-CD9FFBDAF41D}.Release|Any CPU.ActiveCfg = Release|Any CPU
		{49BE2F46-C5C4-42A6-B618-CD9FFBDAF41D}.Release|Any CPU.Build.0 = Release|Any CPU
	EndGlobalSection
	GlobalSection(SolutionProperties) = preSolution
		HideSolutionNode = FALSE
	EndGlobalSection
	GlobalSection(ExtensibilityGlobals) = postSolution
		SolutionGuid = {19CD43EE-815F-435E-974A-0389E44806F0}
	EndGlobalSection
EndGlobal
